
Microsoft Visual Studio Solution File, Format Version 12.00
# Visual Studio Version 17
VisualStudioVersion = 17.4.33103.184
MinimumVisualStudioVersion = 10.0.40219.1
Project("{9A19103F-16F7-4668-BE54-9A1E7A4F7556}") = "DAI", "DAI.csproj", "{A736AFF2-4257-4B6A-900A-B01A97E95DA3}"
EndProject
Project("{54435603-DBB4-11D2-8724-00A0C9A8B90C}") = "DAI Setup", "..\DAI Setup\DAI Setup.vdproj", "{8B29FAF9-25E4-4D6C-97AE-1937674FFF01}"
EndProject
Global
	GlobalSection(SolutionConfigurationPlatforms) = preSolution
		Debug|Any CPU = Debug|Any CPU
		Release|Any CPU = Release|Any CPU
	EndGlobalSection
	GlobalSection(ProjectConfigurationPlatforms) = postSolution
		{A736AFF2-4257-4B6A-900A-B01A97E95DA3}.Debug|Any CPU.ActiveCfg = Debug|Any CPU
		{A736AFF2-4257-4B6A-900A-B01A97E95DA3}.Debug|Any CPU.Build.0 = Debug|Any CPU
		{A736AFF2-4257-4B6A-900A-B01A97E95DA3}.Release|Any CPU.ActiveCfg = Release|Any CPU
		{A736AFF2-4257-4B6A-900A-B01A97E95DA3}.Release|Any CPU.Build.0 = Release|Any CPU
		{8B29FAF9-25E4-4D6C-97AE-1937674FFF01}.Debug|Any CPU.ActiveCfg = Debug
		{8B29FAF9-25E4-4D6C-97AE-1937674FFF01}.Release|Any CPU.ActiveCfg = Release
	EndGlobalSection
	GlobalSection(SolutionProperties) = preSolution
		HideSolutionNode = FALSE
	EndGlobalSection
	GlobalSection(ExtensibilityGlobals) = postSolution
		SolutionGuid = {0AF322BF-EBD3-43B8-AE2B-19AAE9513A48}
	EndGlobalSection
EndGlobal
